{
  "lockfile_version": "1",
  "packages": {
    "docker@latest": {
      "last_modified": "2023-12-18T02:58:18Z",
      "resolved": "github:NixOS/nixpkgs/ca16221251951e9c6261a1a2bb4f9389038d3632#docker",
      "source": "devbox-search",
      "version": "24.0.5",
      "systems": {
        "aarch64-darwin": {
          "store_path": "/nix/store/956bjn9hvpvha1bs7pwq1nhpddbhjh03-docker-24.0.5"
        },
        "aarch64-linux": {
          "store_path": "/nix/store/ahkwpjvi9j78fd7cs9qwbj4k7v098ihh-docker-24.0.5"
        },
        "x86_64-darwin": {
          "store_path": "/nix/store/241nci502wbg13n28qd2fyia75fzbij3-docker-24.0.5"
        },
        "x86_64-linux": {
          "store_path": "/nix/store/jcmgfbrxmcpmzgihy8ksmsizmnidl4sg-docker-24.0.5"
        }
      }
    },
    "git@latest": {
      "last_modified": "2023-12-25T10:13:25Z",
      "resolved": "github:NixOS/nixpkgs/e1fa12d4f6c6fe19ccb59cac54b5b3f25e160870#git",
      "source": "devbox-search",
      "version": "2.42.0",
      "systems": {
        "aarch64-darwin": {
          "store_path": "/nix/store/q7avibx4c00h7zl3jfh3r5mc4xs6wsnj-git-2.42.0"
        },
        "aarch64-linux": {
          "store_path": "/nix/store/v7f1fag7w6ifk9cg1p5xhnnzy7mf0kmv-git-2.42.0"
        },
        "x86_64-darwin": {
          "store_path": "/nix/store/hhf2cldbfcndgilsak5x8dxphgj1y3id-git-2.42.0"
        },
        "x86_64-linux": {
          "store_path": "/nix/store/31ypk253113v59lslsx8nbqpx794rlan-git-2.42.0"
        }
      }
    },
    "go_1_21@latest": {
      "last_modified": "2023-09-27T18:02:17Z",
      "resolved": "github:NixOS/nixpkgs/517501bcf14ae6ec47efd6a17dda0ca8e6d866f9#go_1_21",
      "source": "devbox-search",
      "version": "1.21.1",
      "systems": {
        "aarch64-darwin": {
          "store_path": "/nix/store/s1xk6hrfn0kw8ycvqbx4vv4gr00k6qpl-go-1.21.1"
        },
        "aarch64-linux": {
          "store_path": "/nix/store/id3ygqxp1hvbh7dyjlwngx53fvcpqg84-go-1.21.1"
        },
        "x86_64-darwin": {
          "store_path": "/nix/store/yn0g820ayb963s0i4nnw9pf72l49kkg0-go-1.21.1"
        },
        "x86_64-linux": {
          "store_path": "/nix/store/pvvv2lmx9m8b2n0447mljrl5xmla8r3h-go-1.21.1"
        }
      }
    },
    "k3d@latest": {
      "last_modified": "2023-12-13T22:54:10Z",
      "resolved": "github:NixOS/nixpkgs/fd04bea4cbf76f86f244b9e2549fca066db8ddff#k3d",
      "source": "devbox-search",
      "version": "5.6.0",
      "systems": {
        "aarch64-darwin": {
          "store_path": "/nix/store/n3lbia8wnx0z7dcl77p4gh2nzfnrp8qr-k3d-5.6.0"
        },
        "aarch64-linux": {
          "store_path": "/nix/store/pf0akviafh3yh4riv97l81hcggq4kwn0-k3d-5.6.0"
        },
        "x86_64-darwin": {
          "store_path": "/nix/store/yds006zgkqmna4dmmv79byq1h48k81fv-k3d-5.6.0"
        },
        "x86_64-linux": {
          "store_path": "/nix/store/9lkbnh2mj1gakza7skvvp3qf8x08rk66-k3d-5.6.0"
        }
      }
    },
    "kubectl@latest": {
      "last_modified": "2023-12-13T22:54:10Z",
      "resolved": "github:NixOS/nixpkgs/fd04bea4cbf76f86f244b9e2549fca066db8ddff#kubectl",
      "source": "devbox-search",
      "version": "1.28.4",
      "systems": {
        "aarch64-darwin": {
          "store_path": "/nix/store/n082kkafm88sckhn6dib17mr0izmgvgv-kubectl-1.28.4"
        },
        "aarch64-linux": {
          "store_path": "/nix/store/ga2yx93m6hmdds1j42whq323jmdbr4ph-kubectl-1.28.4"
        },
        "x86_64-darwin": {
          "store_path": "/nix/store/340l2mgfk0bw31ssdxagny5rbimqxk9z-kubectl-1.28.4"
        },
        "x86_64-linux": {
          "store_path": "/nix/store/wmz6qf68wysh6k8iqpqsbjpmwrxvwjcr-kubectl-1.28.4"
        }
      }
    },
    "markdownlint-cli@latest": {
      "last_modified": "2023-12-31T07:44:09Z",
      "resolved": "github:NixOS/nixpkgs/d44d59d2b5bd694cd9d996fd8c51d03e3e9ba7f7#markdownlint-cli",
      "source": "devbox-search",
      "version": "0.38.0",
      "systems": {
        "aarch64-darwin": {
          "store_path": "/nix/store/qjg09fsd41i2wimb5c0q63qy1axlhy1w-markdownlint-cli-0.38.0"
        },
        "aarch64-linux": {
          "store_path": "/nix/store/g0zb14m5pfa26lqb7waw4291c4l62w5h-markdownlint-cli-0.38.0"
        },
        "x86_64-darwin": {
          "store_path": "/nix/store/r53fx6y1jf5yls6ws4h902ybpy6yf4r4-markdownlint-cli-0.38.0"
        },
        "x86_64-linux": {
          "store_path": "/nix/store/i10na8gjp0i95xyhj7wzjfknd2h49apm-markdownlint-cli-0.38.0"
        }
      }
    },
    "nodejs_20@latest": {
      "last_modified": "2023-12-13T22:54:10Z",
      "resolved": "github:NixOS/nixpkgs/fd04bea4cbf76f86f244b9e2549fca066db8ddff#nodejs_20",
      "source": "devbox-search",
      "version": "20.10.0",
      "systems": {
        "aarch64-darwin": {
          "store_path": "/nix/store/rr171p6xks9xf2f0ds9wyi4mc36xm5c1-nodejs-20.10.0"
        },
        "aarch64-linux": {
          "store_path": "/nix/store/hgm5r621kl22fgkb42q1bf9mj7vsydvp-nodejs-20.10.0"
        },
        "x86_64-darwin": {
          "store_path": "/nix/store/pq1p13a24628rxwf968nb3pfnpvpfy0r-nodejs-20.10.0"
        },
        "x86_64-linux": {
          "store_path": "/nix/store/yc5bicc5zs5czjp5q5aygz79km84rmd4-nodejs-20.10.0"
        }
      }
    },
    "python3@latest": {
      "last_modified": "2023-12-13T22:54:10Z",
      "plugin_version": "0.0.3",
      "resolved": "github:NixOS/nixpkgs/fd04bea4cbf76f86f244b9e2549fca066db8ddff#python3",
      "source": "devbox-search",
      "version": "3.11.6",
      "systems": {
        "aarch64-darwin": {
          "store_path": "/nix/store/z0nnwdh4p692yvf3qgwgj3bn78w99q6y-python3-3.11.6"
        },
        "aarch64-linux": {
          "store_path": "/nix/store/v4ln57kzvq6c3q2041xmgig8vyh5nm20-python3-3.11.6"
        },
        "x86_64-darwin": {
          "store_path": "/nix/store/rfqs6lmm832yp3aqihsjdfvvs0wvr1a5-python3-3.11.6"
        },
        "x86_64-linux": {
          "store_path": "/nix/store/5k91mg4qjylxbfvrv748smfh51ppjq0g-python3-3.11.6"
        }
      }
    },
    "tilt@latest": {
      "last_modified": "2023-12-18T02:58:18Z",
      "resolved": "github:NixOS/nixpkgs/ca16221251951e9c6261a1a2bb4f9389038d3632#tilt",
      "source": "devbox-search",
      "version": "0.33.6",
      "systems": {
        "aarch64-darwin": {
          "store_path": "/nix/store/hc6kajdwxxn50b0phq3ah0sfz6qadf7n-tilt-0.33.6"
        },
        "aarch64-linux": {
          "store_path": "/nix/store/0v1wgi842bc3kvnpmd1fqim71y25f979-tilt-0.33.6"
        },
        "x86_64-darwin": {
          "store_path": "/nix/store/rzcwha54x9cyk5kx9kkljnr1n94y89ll-tilt-0.33.6"
        },
        "x86_64-linux": {
          "store_path": "/nix/store/djlz91qdbbdlx65b7fz8k9qw7sqhj13p-tilt-0.33.6"
        }
      }
    }
  }
}
